
Microsoft Visual Studio Solution File, Format Version 12.00
# Visual Studio Version 16
VisualStudioVersion = 16.0.31321.278
MinimumVisualStudioVersion = 10.0.40219.1
Project("{FAE04EC0-301F-11D3-BF4B-00C04F79EFBC}") = "ConferenceWebApi", "ConferenceWebApi\ConferenceWebApi.csproj", "{9414439D-0E92-4840-B382-0C834732AB59}"
EndProject
Global
	GlobalSection(SolutionConfigurationPlatforms) = preSolution
		Debug|Any CPU = Debug|Any CPU
		Release|Any CPU = Release|Any CPU
	EndGlobalSection
	GlobalSection(ProjectConfigurationPlatforms) = postSolution
		{9414439D-0E92-4840-B382-0C834732AB59}.Debug|Any CPU.ActiveCfg = Debug|Any CPU
		{9414439D-0E92-4840-B382-0C834732AB59}.Debug|Any CPU.Build.0 = Debug|Any CPU
		{9414439D-0E92-4840-B382-0C834732AB59}.Release|Any CPU.ActiveCfg = Release|Any CPU
		{9414439D-0E92-4840-B382-0C834732AB59}.Release|Any CPU.Build.0 = Release|Any CPU
	EndGlobalSection
	GlobalSection(SolutionProperties) = preSolution
		HideSolutionNode = FALSE
	EndGlobalSection
	GlobalSection(ExtensibilityGlobals) = postSolution
		SolutionGuid = {5997F562-BFBF-4A5C-BBEB-9052086D99ED}
	EndGlobalSection
EndGlobal
